
Microsoft Visual Studio Solution File, Format Version 12.00
# Visual Studio Version 17
VisualStudioVersion = 17.0.31903.59
MinimumVisualStudioVersion = 10.0.40219.1
Project("{9A19103F-16F7-4668-BE54-9A1E7A4F7556}") = "BootstrapperShell", "01-BootstrapperShell\BootstrapperShell\BootstrapperShell.csproj", "{16436688-83E7-40A2-8662-AE8E43E6A64D}"
EndProject
Project("{2150E333-8FDC-42A3-9474-1A3956D46DE8}") = "01-BootstrapperShell", "01-BootstrapperShell", "{97B7C7B1-3F24-4268-9349-D3867B7141ED}"
EndProject
Project("{2150E333-8FDC-42A3-9474-1A3956D46DE8}") = "02-Regions", "02-Regions", "{52D35CE5-DE7C-4147-8BA5-2BC3E8240F1D}"
EndProject
Project("{2150E333-8FDC-42A3-9474-1A3956D46DE8}") = "03-CustomRegions", "03-CustomRegions", "{4FCC503B-F30B-4798-9BD2-2C4FBD64C2AA}"
EndProject
Project("{2150E333-8FDC-42A3-9474-1A3956D46DE8}") = "04-ViewDiscovery", "04-ViewDiscovery", "{4D286D75-CF86-401F-AA43-74B32F5D9FDC}"
EndProject
Project("{2150E333-8FDC-42A3-9474-1A3956D46DE8}") = "05-ViewInjection", "05-ViewInjection", "{BAFF63F2-F02E-4B7E-85E5-CE271DB432D1}"
EndProject
Project("{2150E333-8FDC-42A3-9474-1A3956D46DE8}") = "06-ViewActivationDeactivation", "06-ViewActivationDeactivation", "{D234A1DB-3F60-4938-ACEA-38415E6890B6}"
EndProject
Project("{2150E333-8FDC-42A3-9474-1A3956D46DE8}") = "07-Modules - AppConfig", "07-Modules - AppConfig", "{2489F7CE-B977-43E2-A1FD-DB7A71E8A9AE}"
EndProject
Project("{2150E333-8FDC-42A3-9474-1A3956D46DE8}") = "07-Modules - Code", "07-Modules - Code", "{B46559E4-DF83-489C-B933-7668392487A4}"
EndProject
Project("{2150E333-8FDC-42A3-9474-1A3956D46DE8}") = "07-Modules - Directory", "07-Modules - Directory", "{2558C80B-CC02-4260-AD52-6300FF201700}"
EndProject
Project("{2150E333-8FDC-42A3-9474-1A3956D46DE8}") = "07-Modules - LoadManual", "07-Modules - LoadManual", "{28BC7307-8B02-4F48-8CCF-5A2BCB9A8FF0}"
EndProject
Project("{2150E333-8FDC-42A3-9474-1A3956D46DE8}") = "08-ViewModelLocator", "08-ViewModelLocator", "{3B743A3B-C7BA-48F6-8B4D-12CB21E088ED}"
EndProject
Project("{2150E333-8FDC-42A3-9474-1A3956D46DE8}") = "09-ChangeConvention", "09-ChangeConvention", "{1CC42813-B52C-4639-8000-47D9C203F096}"
EndProject
Project("{2150E333-8FDC-42A3-9474-1A3956D46DE8}") = "10-CustomRegistrations", "10-CustomRegistrations", "{455627D1-D920-41D8-943B-E1E4C294B429}"
EndProject
Project("{2150E333-8FDC-42A3-9474-1A3956D46DE8}") = "11-UsingDelegateCommands", "11-UsingDelegateCommands", "{CE36A566-6AC0-4791-82EC-5052B4C92FF7}"
EndProject
Project("{2150E333-8FDC-42A3-9474-1A3956D46DE8}") = "12-UsingCompositeCommands", "12-UsingCompositeCommands", "{E1123E46-A538-4FC7-9B10-59B04DF03BEF}"
EndProject
Project("{2150E333-8FDC-42A3-9474-1A3956D46DE8}") = "13-IActiveAwareCommands", "13-IActiveAwareCommands", "{9CEF557F-A4DA-4E67-886B-32881615D245}"
EndProject
Project("{2150E333-8FDC-42A3-9474-1A3956D46DE8}") = "14-UsingEventAggregator", "14-UsingEventAggregator", "{E3AE67F1-9027-4A06-A707-8DE639D046A9}"
EndProject
Project("{2150E333-8FDC-42A3-9474-1A3956D46DE8}") = "15-FilteringEvents", "15-FilteringEvents", "{8A110B4E-3301-42FD-9A3A-8CCD5A2DFE0F}"
EndProject
Project("{2150E333-8FDC-42A3-9474-1A3956D46DE8}") = "16-RegionContext", "16-RegionContext", "{2033C725-F642-4150-8F5D-35C8583CB4E0}"
EndProject
Project("{2150E333-8FDC-42A3-9474-1A3956D46DE8}") = "17-BasicRegionNavigation", "17-BasicRegionNavigation", "{81F34E3C-EEA2-439D-B7DE-5485E32F9CBE}"
EndProject
Project("{2150E333-8FDC-42A3-9474-1A3956D46DE8}") = "18-NavigationCallback", "18-NavigationCallback", "{10DEF5AD-24B3-4FBE-9E90-CABA2AB4E7CD}"
EndProject
Project("{2150E333-8FDC-42A3-9474-1A3956D46DE8}") = "19-NavigationParticipation", "19-NavigationParticipation", "{96663678-9FA5-4A47-8496-2668C65BAEAA}"
EndProject
Project("{2150E333-8FDC-42A3-9474-1A3956D46DE8}") = "20-NavigateToExistingViews", "20-NavigateToExistingViews", "{55A55EFE-A4EE-4591-AC21-DBC4D12D5A08}"
EndProject
Project("{2150E333-8FDC-42A3-9474-1A3956D46DE8}") = "21-PassingParameters", "21-PassingParameters", "{AF18EDF6-39C8-452F-B81D-B07CD65AD17A}"
EndProject
Project("{2150E333-8FDC-42A3-9474-1A3956D46DE8}") = "22-ConfirmCancelNavigation", "22-ConfirmCancelNavigation", "{D87F90AA-9D02-4CED-8C97-EBAE076889E0}"
EndProject
Project("{2150E333-8FDC-42A3-9474-1A3956D46DE8}") = "23-RegionMemberLifetime", "23-RegionMemberLifetime", "{CCEA5110-2F91-4468-9585-7438768924DC}"
EndProject
Project("{2150E333-8FDC-42A3-9474-1A3956D46DE8}") = "24-NavigationJournal", "24-NavigationJournal", "{DAAD6831-29DD-41BC-A84B-90821D34C1DD}"
EndProject
Project("{2150E333-8FDC-42A3-9474-1A3956D46DE8}") = "29-InvokeCommandAction", "29-InvokeCommandAction", "{64E6ED54-B27A-4437-AE69-9C2342D9543D}"
EndProject
Project("{9A19103F-16F7-4668-BE54-9A1E7A4F7556}") = "Regions", "02-Regions\Regions\Regions.csproj", "{2EA3FBDB-33B8-430A-87F9-49A579D3B786}"
EndProject
Project("{9A19103F-16F7-4668-BE54-9A1E7A4F7556}") = "Regions", "03-CustomRegions\Regions\Regions.csproj", "{B77AA515-BAD2-4D17-82CD-7000C5571AA2}"
EndProject
Project("{9A19103F-16F7-4668-BE54-9A1E7A4F7556}") = "ViewDiscovery", "04-ViewDiscovery\ViewDiscovery\ViewDiscovery.csproj", "{61BCDEFA-265F-4B33-A5E8-A22788530C88}"
EndProject
Project("{9A19103F-16F7-4668-BE54-9A1E7A4F7556}") = "ViewInjection", "05-ViewInjection\ViewInjection\ViewInjection.csproj", "{D5E1F39B-75B8-422C-ADA8-94F3E3230388}"
EndProject
Project("{9A19103F-16F7-4668-BE54-9A1E7A4F7556}") = "ActivationDeactivation", "06-ViewActivationDeactivation\ActivationDeactivation\ActivationDeactivation.csproj", "{D787DD4F-5E04-4F9E-834C-66668B695BBC}"
EndProject
Project("{9A19103F-16F7-4668-BE54-9A1E7A4F7556}") = "ModuleA", "07-Modules - AppConfig\ModuleA\ModuleA.csproj", "{CB0C228C-32F0-42A2-B8F0-5D0AA7F3E13E}"
EndProject
Project("{9A19103F-16F7-4668-BE54-9A1E7A4F7556}") = "Modules", "07-Modules - AppConfig\Modules\Modules.csproj", "{15983867-1C67-4CD3-B16E-FC3A98328A7D}"
EndProject
Project("{9A19103F-16F7-4668-BE54-9A1E7A4F7556}") = "ModuleA", "07-Modules - Code\ModuleA\ModuleA.csproj", "{FAD76D4A-0D0D-42DA-8366-84A219949596}"
EndProject
Project("{9A19103F-16F7-4668-BE54-9A1E7A4F7556}") = "Modules", "07-Modules - Code\Modules\Modules.csproj", "{A6AA2C97-2AC1-4776-939A-4399EF298562}"
EndProject
Project("{9A19103F-16F7-4668-BE54-9A1E7A4F7556}") = "ModuleA", "07-Modules - Directory\ModuleA\ModuleA.csproj", "{037AC850-2F49-4935-8F64-5CAF45D06BF9}"
EndProject
Project("{9A19103F-16F7-4668-BE54-9A1E7A4F7556}") = "Modules", "07-Modules - Directory\Modules\Modules.csproj", "{B4D175D5-E713-4A1E-88CB-4C8DBEB117E9}"
EndProject
Project("{9A19103F-16F7-4668-BE54-9A1E7A4F7556}") = "ModuleA", "07-Modules - LoadManual\ModuleA\ModuleA.csproj", "{BB50134D-E5A6-414E-BFB4-4BD28609AC52}"
EndProject
Project("{9A19103F-16F7-4668-BE54-9A1E7A4F7556}") = "Modules", "07-Modules - LoadManual\Modules\Modules.csproj", "{6732B621-6802-4461-BB81-42D524B5BDDA}"
EndProject
Project("{2150E333-8FDC-42A3-9474-1A3956D46DE8}") = "07-Modules - Xaml", "07-Modules - Xaml", "{046F8A35-A0F4-4F14-A0BD-DE6368FC0ED9}"
EndProject
Project("{9A19103F-16F7-4668-BE54-9A1E7A4F7556}") = "ModuleA", "07-Modules - Xaml\ModuleA\ModuleA.csproj", "{F7A130A1-2CC5-4C8D-A42E-D74B05506991}"
EndProject
Project("{9A19103F-16F7-4668-BE54-9A1E7A4F7556}") = "Modules", "07-Modules - Xaml\Modules\Modules.csproj", "{32A2A422-BD17-48AD-A352-DA27EFABB536}"
EndProject
Project("{9A19103F-16F7-4668-BE54-9A1E7A4F7556}") = "ViewModelLocator", "08-ViewModelLocator\ViewModelLocator\ViewModelLocator.csproj", "{8DC23D33-3C96-4D3F-B3DC-43EADCA5D157}"
EndProject
Project("{9A19103F-16F7-4668-BE54-9A1E7A4F7556}") = "ViewModelLocator", "09-ChangeConvention\ViewModelLocator\ViewModelLocator.csproj", "{FFA8F3F3-793A-4417-BEE5-7285D9A30DBC}"
EndProject
Project("{9A19103F-16F7-4668-BE54-9A1E7A4F7556}") = "ViewModelLocator", "10-CustomRegistrations\ViewModelLocator\ViewModelLocator.csproj", "{AEC7DBA0-1E64-4107-AEFB-6A1B9458DD41}"
EndProject
Project("{9A19103F-16F7-4668-BE54-9A1E7A4F7556}") = "UsingDelegateCommands", "11-UsingDelegateCommands\UsingDelegateCommands\UsingDelegateCommands.csproj", "{9C799D95-F56B-4DE2-A214-7ADCCD514949}"
EndProject
Project("{9A19103F-16F7-4668-BE54-9A1E7A4F7556}") = "ModuleA", "12-UsingCompositeCommands\ModuleA\ModuleA.csproj", "{80036F64-9AE7-457C-A0CE-6EA68EC17773}"
EndProject
Project("{9A19103F-16F7-4668-BE54-9A1E7A4F7556}") = "UsingCompositeCommands", "12-UsingCompositeCommands\UsingCompositeCommands\UsingCompositeCommands.csproj", "{44226769-83C9-46E4-9866-DC269150C1BB}"
EndProject
Project("{9A19103F-16F7-4668-BE54-9A1E7A4F7556}") = "UsingCompositeCommands.Core", "12-UsingCompositeCommands\UsingCompositeCommands.Core\UsingCompositeCommands.Core.csproj", "{8AD9646A-EE8F-49EA-B56F-9CF478193AA2}"
EndProject
Project("{9A19103F-16F7-4668-BE54-9A1E7A4F7556}") = "ModuleA", "13-IActiveAwareCommands\ModuleA\ModuleA.csproj", "{7BACDFA2-D7AE-4D81-98AC-C5136B8E54DB}"
EndProject
Project("{9A19103F-16F7-4668-BE54-9A1E7A4F7556}") = "UsingCompositeCommands", "13-IActiveAwareCommands\UsingCompositeCommands\UsingCompositeCommands.csproj", "{6797E022-D1BF-4AE8-BE51-21349DFF9883}"
EndProject
Project("{9A19103F-16F7-4668-BE54-9A1E7A4F7556}") = "UsingCompositeCommands.Core", "13-IActiveAwareCommands\UsingCompositeCommands.Core\UsingCompositeCommands.Core.csproj", "{76D12D2C-59A4-4091-9E46-5EDE8A5E2D34}"
EndProject
Project("{9A19103F-16F7-4668-BE54-9A1E7A4F7556}") = "ModuleA", "14-UsingEventAggregator\ModuleA\ModuleA.csproj", "{F65E4B6B-BD89-427A-8EB5-896053DCDD1F}"
EndProject
Project("{9A19103F-16F7-4668-BE54-9A1E7A4F7556}") = "ModuleB", "14-UsingEventAggregator\ModuleB\ModuleB.csproj", "{824718F4-DC81-4F79-8489-F4D3C9DCB558}"
EndProject
Project("{9A19103F-16F7-4668-BE54-9A1E7A4F7556}") = "UsingEventAggregator", "14-UsingEventAggregator\UsingEventAggregator\UsingEventAggregator.csproj", "{2EF6AC44-AE71-41BA-9D65-4ABE77E1E5EF}"
EndProject
Project("{9A19103F-16F7-4668-BE54-9A1E7A4F7556}") = "UsingEventAggregator.Core", "14-UsingEventAggregator\UsingEventAggregator.Core\UsingEventAggregator.Core.csproj", "{D7AC3662-0B9D-4CBD-8D8A-A31D4EB49E0B}"
EndProject
Project("{9A19103F-16F7-4668-BE54-9A1E7A4F7556}") = "ModuleA", "15-FilteringEvents\ModuleA\ModuleA.csproj", "{911EF69E-7BEF-417B-90D6-AF58CCED1053}"
EndProject
Project("{9A19103F-16F7-4668-BE54-9A1E7A4F7556}") = "ModuleB", "15-FilteringEvents\ModuleB\ModuleB.csproj", "{5B238D9A-5B62-4E02-9D32-121DE62F5A71}"
EndProject
Project("{9A19103F-16F7-4668-BE54-9A1E7A4F7556}") = "UsingEventAggregator", "15-FilteringEvents\UsingEventAggregator\UsingEventAggregator.csproj", "{C6F5D133-B5BA-42FC-82E7-5C7940EDF6AA}"
EndProject
Project("{9A19103F-16F7-4668-BE54-9A1E7A4F7556}") = "UsingEventAggregator.Core", "15-FilteringEvents\UsingEventAggregator.Core\UsingEventAggregator.Core.csproj", "{F9B6155D-10D7-45C5-AEAB-C866673131E3}"
EndProject
Project("{9A19103F-16F7-4668-BE54-9A1E7A4F7556}") = "ModuleA", "16-RegionContext\ModuleA\ModuleA.csproj", "{BD03249E-7BC0-498B-AB47-DFBFC8B19C31}"
EndProject
Project("{9A19103F-16F7-4668-BE54-9A1E7A4F7556}") = "RegionContext", "16-RegionContext\RegionContext\RegionContext.csproj", "{58EFE6AB-242E-4146-A9D9-AF0AC589B080}"
EndProject
Project("{9A19103F-16F7-4668-BE54-9A1E7A4F7556}") = "ModuleA", "17-BasicRegionNavigation\ModuleA\ModuleA.csproj", "{14BFFACC-DC33-44B5-9B14-B0D78632BD52}"
EndProject
Project("{9A19103F-16F7-4668-BE54-9A1E7A4F7556}") = "BasicRegionNavigation", "17-BasicRegionNavigation\BasicRegionNavigation\BasicRegionNavigation.csproj", "{ABB2ED40-4B7D-47EE-B9EE-DFC6B1FC1E7F}"
EndProject
Project("{9A19103F-16F7-4668-BE54-9A1E7A4F7556}") = "ModuleA", "18-NavigationCallback\ModuleA\ModuleA.csproj", "{E614F27D-2F4C-43A7-AE9C-B830F5E3C8E9}"
EndProject
Project("{9A19103F-16F7-4668-BE54-9A1E7A4F7556}") = "BasicRegionNavigation", "18-NavigationCallback\BasicRegionNavigation\BasicRegionNavigation.csproj", "{81CBDC73-7A33-4D75-A7C4-9689B01B1720}"
EndProject
Project("{9A19103F-16F7-4668-BE54-9A1E7A4F7556}") = "ModuleA", "19-NavigationParticipation\ModuleA\ModuleA.csproj", "{506414E0-1351-4BF8-BCE9-983576ED0E72}"
EndProject
Project("{9A19103F-16F7-4668-BE54-9A1E7A4F7556}") = "NavigationParticipation", "19-NavigationParticipation\NavigationParticipation\NavigationParticipation.csproj", "{CEB34D08-6454-4C17-AC0A-43636FA7EF7A}"
EndProject
Project("{9A19103F-16F7-4668-BE54-9A1E7A4F7556}") = "ModuleA", "20-NavigateToExistingViews\ModuleA\ModuleA.csproj", "{63F625C5-1125-4D1B-81F0-F35699FA4552}"
EndProject
Project("{9A19103F-16F7-4668-BE54-9A1E7A4F7556}") = "NavigationParticipation", "20-NavigateToExistingViews\NavigationParticipation\NavigationParticipation.csproj", "{A644D262-4462-4D3C-A9F8-579F6A5D2679}"
EndProject
Project("{9A19103F-16F7-4668-BE54-9A1E7A4F7556}") = "ModuleA", "21-PassingParameters\ModuleA\ModuleA.csproj", "{78444E41-4B7A-4D28-956D-A38BD0FA7B51}"
EndProject
Project("{9A19103F-16F7-4668-BE54-9A1E7A4F7556}") = "PassingParameters", "21-PassingParameters\PassingParameters\PassingParameters.csproj", "{E395A5F2-4FA5-4B54-84EF-3899F04679DF}"
EndProject
Project("{9A19103F-16F7-4668-BE54-9A1E7A4F7556}") = "ModuleA", "22-ConfirmCancelNavigation\ModuleA\ModuleA.csproj", "{4D791E2E-09B3-45FD-A259-5A055AA3344A}"
EndProject
Project("{9A19103F-16F7-4668-BE54-9A1E7A4F7556}") = "ConfirmCancelNavigation", "22-ConfirmCancelNavigation\ConfirmCancelNavigation\ConfirmCancelNavigation.csproj", "{C021380A-AE3E-4495-AE1A-223C982E577D}"
EndProject
Project("{9A19103F-16F7-4668-BE54-9A1E7A4F7556}") = "ModuleA", "23-RegionMemberLifetime\ModuleA\ModuleA.csproj", "{2B7CE000-0598-4FFD-9B15-C01890EA3763}"
EndProject
Project("{9A19103F-16F7-4668-BE54-9A1E7A4F7556}") = "RegionMemberLifetime", "23-RegionMemberLifetime\RegionMemberLifetime\RegionMemberLifetime.csproj", "{3EBF5E05-03BB-4512-B6DB-31995A578169}"
EndProject
Project("{9A19103F-16F7-4668-BE54-9A1E7A4F7556}") = "ModuleA", "24-NavigationJournal\ModuleA\ModuleA.csproj", "{40E76136-2E83-4562-BB67-CB127B6428D0}"
EndProject
Project("{9A19103F-16F7-4668-BE54-9A1E7A4F7556}") = "NavigationJournal", "24-NavigationJournal\NavigationJournal\NavigationJournal.csproj", "{BF1426E0-1D30-4B40-B43D-29E134074C26}"
EndProject
Project("{9A19103F-16F7-4668-BE54-9A1E7A4F7556}") = "UsingInvokeCommandAction", "29-InvokeCommandAction\UsingInvokeCommandAction\UsingInvokeCommandAction.csproj", "{F6FB8B37-4326-4E12-9665-77D2B299EC72}"
EndProject
Global
	GlobalSection(SolutionConfigurationPlatforms) = preSolution
		Debug|Any CPU = Debug|Any CPU
		Release|Any CPU = Release|Any CPU
	EndGlobalSection
	GlobalSection(ProjectConfigurationPlatforms) = postSolution
		{16436688-83E7-40A2-8662-AE8E43E6A64D}.Debug|Any CPU.ActiveCfg = Debug|Any CPU
		{16436688-83E7-40A2-8662-AE8E43E6A64D}.Debug|Any CPU.Build.0 = Debug|Any CPU
		{16436688-83E7-40A2-8662-AE8E43E6A64D}.Release|Any CPU.ActiveCfg = Release|Any CPU
		{16436688-83E7-40A2-8662-AE8E43E6A64D}.Release|Any CPU.Build.0 = Release|Any CPU
		{2EA3FBDB-33B8-430A-87F9-49A579D3B786}.Debug|Any CPU.ActiveCfg = Debug|Any CPU
		{2EA3FBDB-33B8-430A-87F9-49A579D3B786}.Debug|Any CPU.Build.0 = Debug|Any CPU
		{2EA3FBDB-33B8-430A-87F9-49A579D3B786}.Release|Any CPU.ActiveCfg = Release|Any CPU
		{2EA3FBDB-33B8-430A-87F9-49A579D3B786}.Release|Any CPU.Build.0 = Release|Any CPU
		{B77AA515-BAD2-4D17-82CD-7000C5571AA2}.Debug|Any CPU.ActiveCfg = Debug|Any CPU
		{B77AA515-BAD2-4D17-82CD-7000C5571AA2}.Debug|Any CPU.Build.0 = Debug|Any CPU
		{B77AA515-BAD2-4D17-82CD-7000C5571AA2}.Release|Any CPU.ActiveCfg = Release|Any CPU
		{B77AA515-BAD2-4D17-82CD-7000C5571AA2}.Release|Any CPU.Build.0 = Release|Any CPU
		{61BCDEFA-265F-4B33-A5E8-A22788530C88}.Debug|Any CPU.ActiveCfg = Debug|Any CPU
		{61BCDEFA-265F-4B33-A5E8-A22788530C88}.Debug|Any CPU.Build.0 = Debug|Any CPU
		{61BCDEFA-265F-4B33-A5E8-A22788530C88}.Release|Any CPU.ActiveCfg = Release|Any CPU
		{61BCDEFA-265F-4B33-A5E8-A22788530C88}.Release|Any CPU.Build.0 = Release|Any CPU
		{D5E1F39B-75B8-422C-ADA8-94F3E3230388}.Debug|Any CPU.ActiveCfg = Debug|Any CPU
		{D5E1F39B-75B8-422C-ADA8-94F3E3230388}.Debug|Any CPU.Build.0 = Debug|Any CPU
		{D5E1F39B-75B8-422C-ADA8-94F3E3230388}.Release|Any CPU.ActiveCfg = Release|Any CPU
		{D5E1F39B-75B8-422C-ADA8-94F3E3230388}.Release|Any CPU.Build.0 = Release|Any CPU
		{D787DD4F-5E04-4F9E-834C-66668B695BBC}.Debug|Any CPU.ActiveCfg = Debug|Any CPU
		{D787DD4F-5E04-4F9E-834C-66668B695BBC}.Debug|Any CPU.Build.0 = Debug|Any CPU
		{D787DD4F-5E04-4F9E-834C-66668B695BBC}.Release|Any CPU.ActiveCfg = Release|Any CPU
		{D787DD4F-5E04-4F9E-834C-66668B695BBC}.Release|Any CPU.Build.0 = Release|Any CPU
		{CB0C228C-32F0-42A2-B8F0-5D0AA7F3E13E}.Debug|Any CPU.ActiveCfg = Debug|Any CPU
		{CB0C228C-32F0-42A2-B8F0-5D0AA7F3E13E}.Debug|Any CPU.Build.0 = Debug|Any CPU
		{CB0C228C-32F0-42A2-B8F0-5D0AA7F3E13E}.Release|Any CPU.ActiveCfg = Release|Any CPU
		{CB0C228C-32F0-42A2-B8F0-5D0AA7F3E13E}.Release|Any CPU.Build.0 = Release|Any CPU
		{15983867-1C67-4CD3-B16E-FC3A98328A7D}.Debug|Any CPU.ActiveCfg = Debug|Any CPU
		{15983867-1C67-4CD3-B16E-FC3A98328A7D}.Debug|Any CPU.Build.0 = Debug|Any CPU
		{15983867-1C67-4CD3-B16E-FC3A98328A7D}.Release|Any CPU.ActiveCfg = Release|Any CPU
		{15983867-1C67-4CD3-B16E-FC3A98328A7D}.Release|Any CPU.Build.0 = Release|Any CPU
		{FAD76D4A-0D0D-42DA-8366-84A219949596}.Debug|Any CPU.ActiveCfg = Debug|Any CPU
		{FAD76D4A-0D0D-42DA-8366-84A219949596}.Debug|Any CPU.Build.0 = Debug|Any CPU
		{FAD76D4A-0D0D-42DA-8366-84A219949596}.Release|Any CPU.ActiveCfg = Release|Any CPU
		{FAD76D4A-0D0D-42DA-8366-84A219949596}.Release|Any CPU.Build.0 = Release|Any CPU
		{A6AA2C97-2AC1-4776-939A-4399EF298562}.Debug|Any CPU.ActiveCfg = Debug|Any CPU
		{A6AA2C97-2AC1-4776-939A-4399EF298562}.Debug|Any CPU.Build.0 = Debug|Any CPU
		{A6AA2C97-2AC1-4776-939A-4399EF298562}.Release|Any CPU.ActiveCfg = Release|Any CPU
		{A6AA2C97-2AC1-4776-939A-4399EF298562}.Release|Any CPU.Build.0 = Release|Any CPU
		{037AC850-2F49-4935-8F64-5CAF45D06BF9}.Debug|Any CPU.ActiveCfg = Debug|Any CPU
		{037AC850-2F49-4935-8F64-5CAF45D06BF9}.Debug|Any CPU.Build.0 = Debug|Any CPU
		{037AC850-2F49-4935-8F64-5CAF45D06BF9}.Release|Any CPU.ActiveCfg = Release|Any CPU
		{037AC850-2F49-4935-8F64-5CAF45D06BF9}.Release|Any CPU.Build.0 = Release|Any CPU
		{B4D175D5-E713-4A1E-88CB-4C8DBEB117E9}.Debug|Any CPU.ActiveCfg = Debug|Any CPU
		{B4D175D5-E713-4A1E-88CB-4C8DBEB117E9}.Debug|Any CPU.Build.0 = Debug|Any CPU
		{B4D175D5-E713-4A1E-88CB-4C8DBEB117E9}.Release|Any CPU.ActiveCfg = Release|Any CPU
		{B4D175D5-E713-4A1E-88CB-4C8DBEB117E9}.Release|Any CPU.Build.0 = Release|Any CPU
		{BB50134D-E5A6-414E-BFB4-4BD28609AC52}.Debug|Any CPU.ActiveCfg = Debug|Any CPU
		{BB50134D-E5A6-414E-BFB4-4BD28609AC52}.Debug|Any CPU.Build.0 = Debug|Any CPU
		{BB50134D-E5A6-414E-BFB4-4BD28609AC52}.Release|Any CPU.ActiveCfg = Release|Any CPU
		{BB50134D-E5A6-414E-BFB4-4BD28609AC52}.Release|Any CPU.Build.0 = Release|Any CPU
		{6732B621-6802-4461-BB81-42D524B5BDDA}.Debug|Any CPU.ActiveCfg = Debug|Any CPU
		{6732B621-6802-4461-BB81-42D524B5BDDA}.Debug|Any CPU.Build.0 = Debug|Any CPU
		{6732B621-6802-4461-BB81-42D524B5BDDA}.Release|Any CPU.ActiveCfg = Release|Any CPU
		{6732B621-6802-4461-BB81-42D524B5BDDA}.Release|Any CPU.Build.0 = Release|Any CPU
		{F7A130A1-2CC5-4C8D-A42E-D74B05506991}.Debug|Any CPU.ActiveCfg = Debug|Any CPU
		{F7A130A1-2CC5-4C8D-A42E-D74B05506991}.Debug|Any CPU.Build.0 = Debug|Any CPU
		{F7A130A1-2CC5-4C8D-A42E-D74B05506991}.Release|Any CPU.ActiveCfg = Release|Any CPU
		{F7A130A1-2CC5-4C8D-A42E-D74B05506991}.Release|Any CPU.Build.0 = Release|Any CPU
		{32A2A422-BD17-48AD-A352-DA27EFABB536}.Debug|Any CPU.ActiveCfg = Debug|Any CPU
		{32A2A422-BD17-48AD-A352-DA27EFABB536}.Debug|Any CPU.Build.0 = Debug|Any CPU
		{32A2A422-BD17-48AD-A352-DA27EFABB536}.Release|Any CPU.ActiveCfg = Release|Any CPU
		{32A2A422-BD17-48AD-A352-DA27EFABB536}.Release|Any CPU.Build.0 = Release|Any CPU
		{8DC23D33-3C96-4D3F-B3DC-43EADCA5D157}.Debug|Any CPU.ActiveCfg = Debug|Any CPU
		{8DC23D33-3C96-4D3F-B3DC-43EADCA5D157}.Debug|Any CPU.Build.0 = Debug|Any CPU
		{8DC23D33-3C96-4D3F-B3DC-43EADCA5D157}.Release|Any CPU.ActiveCfg = Release|Any CPU
		{8DC23D33-3C96-4D3F-B3DC-43EADCA5D157}.Release|Any CPU.Build.0 = Release|Any CPU
		{FFA8F3F3-793A-4417-BEE5-7285D9A30DBC}.Debug|Any CPU.ActiveCfg = Debug|Any CPU
		{FFA8F3F3-793A-4417-BEE5-7285D9A30DBC}.Debug|Any CPU.Build.0 = Debug|Any CPU
		{FFA8F3F3-793A-4417-BEE5-7285D9A30DBC}.Release|Any CPU.ActiveCfg = Release|Any CPU
		{FFA8F3F3-793A-4417-BEE5-7285D9A30DBC}.Release|Any CPU.Build.0 = Release|Any CPU
		{AEC7DBA0-1E64-4107-AEFB-6A1B9458DD41}.Debug|Any CPU.ActiveCfg = Debug|Any CPU
		{AEC7DBA0-1E64-4107-AEFB-6A1B9458DD41}.Debug|Any CPU.Build.0 = Debug|Any CPU
		{AEC7DBA0-1E64-4107-AEFB-6A1B9458DD41}.Release|Any CPU.ActiveCfg = Release|Any CPU
		{AEC7DBA0-1E64-4107-AEFB-6A1B9458DD41}.Release|Any CPU.Build.0 = Release|Any CPU
		{9C799D95-F56B-4DE2-A214-7ADCCD514949}.Debug|Any CPU.ActiveCfg = Debug|Any CPU
		{9C799D95-F56B-4DE2-A214-7ADCCD514949}.Debug|Any CPU.Build.0 = Debug|Any CPU
		{9C799D95-F56B-4DE2-A214-7ADCCD514949}.Release|Any CPU.ActiveCfg = Release|Any CPU
		{9C799D95-F56B-4DE2-A214-7ADCCD514949}.Release|Any CPU.Build.0 = Release|Any CPU
		{80036F64-9AE7-457C-A0CE-6EA68EC17773}.Debug|Any CPU.ActiveCfg = Debug|Any CPU
		{80036F64-9AE7-457C-A0CE-6EA68EC17773}.Debug|Any CPU.Build.0 = Debug|Any CPU
		{80036F64-9AE7-457C-A0CE-6EA68EC17773}.Release|Any CPU.ActiveCfg = Release|Any CPU
		{80036F64-9AE7-457C-A0CE-6EA68EC17773}.Release|Any CPU.Build.0 = Release|Any CPU
		{44226769-83C9-46E4-9866-DC269150C1BB}.Debug|Any CPU.ActiveCfg = Debug|Any CPU
		{44226769-83C9-46E4-9866-DC269150C1BB}.Debug|Any CPU.Build.0 = Debug|Any CPU
		{44226769-83C9-46E4-9866-DC269150C1BB}.Release|Any CPU.ActiveCfg = Release|Any CPU
		{44226769-83C9-46E4-9866-DC269150C1BB}.Release|Any CPU.Build.0 = Release|Any CPU
		{8AD9646A-EE8F-49EA-B56F-9CF478193AA2}.Debug|Any CPU.ActiveCfg = Debug|Any CPU
		{8AD9646A-EE8F-49EA-B56F-9CF478193AA2}.Debug|Any CPU.Build.0 = Debug|Any CPU
		{8AD9646A-EE8F-49EA-B56F-9CF478193AA2}.Release|Any CPU.ActiveCfg = Release|Any CPU
		{8AD9646A-EE8F-49EA-B56F-9CF478193AA2}.Release|Any CPU.Build.0 = Release|Any CPU
		{7BACDFA2-D7AE-4D81-98AC-C5136B8E54DB}.Debug|Any CPU.ActiveCfg = Debug|Any CPU
		{7BACDFA2-D7AE-4D81-98AC-C5136B8E54DB}.Debug|Any CPU.Build.0 = Debug|Any CPU
		{7BACDFA2-D7AE-4D81-98AC-C5136B8E54DB}.Release|Any CPU.ActiveCfg = Release|Any CPU
		{7BACDFA2-D7AE-4D81-98AC-C5136B8E54DB}.Release|Any CPU.Build.0 = Release|Any CPU
		{6797E022-D1BF-4AE8-BE51-21349DFF9883}.Debug|Any CPU.ActiveCfg = Debug|Any CPU
		{6797E022-D1BF-4AE8-BE51-21349DFF9883}.Debug|Any CPU.Build.0 = Debug|Any CPU
		{6797E022-D1BF-4AE8-BE51-21349DFF9883}.Release|Any CPU.ActiveCfg = Release|Any CPU
		{6797E022-D1BF-4AE8-BE51-21349DFF9883}.Release|Any CPU.Build.0 = Release|Any CPU
		{76D12D2C-59A4-4091-9E46-5EDE8A5E2D34}.Debug|Any CPU.ActiveCfg = Debug|Any CPU
		{76D12D2C-59A4-4091-9E46-5EDE8A5E2D34}.Debug|Any CPU.Build.0 = Debug|Any CPU
		{76D12D2C-59A4-4091-9E46-5EDE8A5E2D34}.Release|Any CPU.ActiveCfg = Release|Any CPU
		{76D12D2C-59A4-4091-9E46-5EDE8A5E2D34}.Release|Any CPU.Build.0 = Release|Any CPU
		{F65E4B6B-BD89-427A-8EB5-896053DCDD1F}.Debug|Any CPU.ActiveCfg = Debug|Any CPU
		{F65E4B6B-BD89-427A-8EB5-896053DCDD1F}.Debug|Any CPU.Build.0 = Debug|Any CPU
		{F65E4B6B-BD89-427A-8EB5-896053DCDD1F}.Release|Any CPU.ActiveCfg = Release|Any CPU
		{F65E4B6B-BD89-427A-8EB5-896053DCDD1F}.Release|Any CPU.Build.0 = Release|Any CPU
		{824718F4-DC81-4F79-8489-F4D3C9DCB558}.Debug|Any CPU.ActiveCfg = Debug|Any CPU
		{824718F4-DC81-4F79-8489-F4D3C9DCB558}.Debug|Any CPU.Build.0 = Debug|Any CPU
		{824718F4-DC81-4F79-8489-F4D3C9DCB558}.Release|Any CPU.ActiveCfg = Release|Any CPU
		{824718F4-DC81-4F79-8489-F4D3C9DCB558}.Release|Any CPU.Build.0 = Release|Any CPU
		{2EF6AC44-AE71-41BA-9D65-4ABE77E1E5EF}.Debug|Any CPU.ActiveCfg = Debug|Any CPU
		{2EF6AC44-AE71-41BA-9D65-4ABE77E1E5EF}.Debug|Any CPU.Build.0 = Debug|Any CPU
		{2EF6AC44-AE71-41BA-9D65-4ABE77E1E5EF}.Release|Any CPU.ActiveCfg = Release|Any CPU
		{2EF6AC44-AE71-41BA-9D65-4ABE77E1E5EF}.Release|Any CPU.Build.0 = Release|Any CPU
		{D7AC3662-0B9D-4CBD-8D8A-A31D4EB49E0B}.Debug|Any CPU.ActiveCfg = Debug|Any CPU
		{D7AC3662-0B9D-4CBD-8D8A-A31D4EB49E0B}.Debug|Any CPU.Build.0 = Debug|Any CPU
		{D7AC3662-0B9D-4CBD-8D8A-A31D4EB49E0B}.Release|Any CPU.ActiveCfg = Release|Any CPU
		{D7AC3662-0B9D-4CBD-8D8A-A31D4EB49E0B}.Release|Any CPU.Build.0 = Release|Any CPU
		{911EF69E-7BEF-417B-90D6-AF58CCED1053}.Debug|Any CPU.ActiveCfg = Debug|Any CPU
		{911EF69E-7BEF-417B-90D6-AF58CCED1053}.Debug|Any CPU.Build.0 = Debug|Any CPU
		{911EF69E-7BEF-417B-90D6-AF58CCED1053}.Release|Any CPU.ActiveCfg = Release|Any CPU
		{911EF69E-7BEF-417B-90D6-AF58CCED1053}.Release|Any CPU.Build.0 = Release|Any CPU
		{5B238D9A-5B62-4E02-9D32-121DE62F5A71}.Debug|Any CPU.ActiveCfg = Debug|Any CPU
		{5B238D9A-5B62-4E02-9D32-121DE62F5A71}.Debug|Any CPU.Build.0 = Debug|Any CPU
		{5B238D9A-5B62-4E02-9D32-121DE62F5A71}.Release|Any CPU.ActiveCfg = Release|Any CPU
		{5B238D9A-5B62-4E02-9D32-121DE62F5A71}.Release|Any CPU.Build.0 = Release|Any CPU
		{C6F5D133-B5BA-42FC-82E7-5C7940EDF6AA}.Debug|Any CPU.ActiveCfg = Debug|Any CPU
		{C6F5D133-B5BA-42FC-82E7-5C7940EDF6AA}.Debug|Any CPU.Build.0 = Debug|Any CPU
		{C6F5D133-B5BA-42FC-82E7-5C7940EDF6AA}.Release|Any CPU.ActiveCfg = Release|Any CPU
		{C6F5D133-B5BA-42FC-82E7-5C7940EDF6AA}.Release|Any CPU.Build.0 = Release|Any CPU
		{F9B6155D-10D7-45C5-AEAB-C866673131E3}.Debug|Any CPU.ActiveCfg = Debug|Any CPU
		{F9B6155D-10D7-45C5-AEAB-C866673131E3}.Debug|Any CPU.Build.0 = Debug|Any CPU
		{F9B6155D-10D7-45C5-AEAB-C866673131E3}.Release|Any CPU.ActiveCfg = Release|Any CPU
		{F9B6155D-10D7-45C5-AEAB-C866673131E3}.Release|Any CPU.Build.0 = Release|Any CPU
		{BD03249E-7BC0-498B-AB47-DFBFC8B19C31}.Debug|Any CPU.ActiveCfg = Debug|Any CPU
		{BD03249E-7BC0-498B-AB47-DFBFC8B19C31}.Debug|Any CPU.Build.0 = Debug|Any CPU
		{BD03249E-7BC0-498B-AB47-DFBFC8B19C31}.Release|Any CPU.ActiveCfg = Release|Any CPU
		{BD03249E-7BC0-498B-AB47-DFBFC8B19C31}.Release|Any CPU.Build.0 = Release|Any CPU
		{58EFE6AB-242E-4146-A9D9-AF0AC589B080}.Debug|Any CPU.ActiveCfg = Debug|Any CPU
		{58EFE6AB-242E-4146-A9D9-AF0AC589B080}.Debug|Any CPU.Build.0 = Debug|Any CPU
		{58EFE6AB-242E-4146-A9D9-AF0AC589B080}.Release|Any CPU.ActiveCfg = Release|Any CPU
		{58EFE6AB-242E-4146-A9D9-AF0AC589B080}.Release|Any CPU.Build.0 = Release|Any CPU
		{14BFFACC-DC33-44B5-9B14-B0D78632BD52}.Debug|Any CPU.ActiveCfg = Debug|Any CPU
		{14BFFACC-DC33-44B5-9B14-B0D78632BD52}.Debug|Any CPU.Build.0 = Debug|Any CPU
		{14BFFACC-DC33-44B5-9B14-B0D78632BD52}.Release|Any CPU.ActiveCfg = Release|Any CPU
		{14BFFACC-DC33-44B5-9B14-B0D78632BD52}.Release|Any CPU.Build.0 = Release|Any CPU
		{ABB2ED40-4B7D-47EE-B9EE-DFC6B1FC1E7F}.Debug|Any CPU.ActiveCfg = Debug|Any CPU
		{ABB2ED40-4B7D-47EE-B9EE-DFC6B1FC1E7F}.Debug|Any CPU.Build.0 = Debug|Any CPU
		{ABB2ED40-4B7D-47EE-B9EE-DFC6B1FC1E7F}.Release|Any CPU.ActiveCfg = Release|Any CPU
		{ABB2ED40-4B7D-47EE-B9EE-DFC6B1FC1E7F}.Release|Any CPU.Build.0 = Release|Any CPU
		{E614F27D-2F4C-43A7-AE9C-B830F5E3C8E9}.Debug|Any CPU.ActiveCfg = Debug|Any CPU
		{E614F27D-2F4C-43A7-AE9C-B830F5E3C8E9}.Debug|Any CPU.Build.0 = Debug|Any CPU
		{E614F27D-2F4C-43A7-AE9C-B830F5E3C8E9}.Release|Any CPU.ActiveCfg = Release|Any CPU
		{E614F27D-2F4C-43A7-AE9C-B830F5E3C8E9}.Release|Any CPU.Build.0 = Release|Any CPU
		{81CBDC73-7A33-4D75-A7C4-9689B01B1720}.Debug|Any CPU.ActiveCfg = Debug|Any CPU
		{81CBDC73-7A33-4D75-A7C4-9689B01B1720}.Debug|Any CPU.Build.0 = Debug|Any CPU
		{81CBDC73-7A33-4D75-A7C4-9689B01B1720}.Release|Any CPU.ActiveCfg = Release|Any CPU
		{81CBDC73-7A33-4D75-A7C4-9689B01B1720}.Release|Any CPU.Build.0 = Release|Any CPU
		{506414E0-1351-4BF8-BCE9-983576ED0E72}.Debug|Any CPU.ActiveCfg = Debug|Any CPU
		{506414E0-1351-4BF8-BCE9-983576ED0E72}.Debug|Any CPU.Build.0 = Debug|Any CPU
		{506414E0-1351-4BF8-BCE9-983576ED0E72}.Release|Any CPU.ActiveCfg = Release|Any CPU
		{506414E0-1351-4BF8-BCE9-983576ED0E72}.Release|Any CPU.Build.0 = Release|Any CPU
		{CEB34D08-6454-4C17-AC0A-43636FA7EF7A}.Debug|Any CPU.ActiveCfg = Debug|Any CPU
		{CEB34D08-6454-4C17-AC0A-43636FA7EF7A}.Debug|Any CPU.Build.0 = Debug|Any CPU
		{CEB34D08-6454-4C17-AC0A-43636FA7EF7A}.Release|Any CPU.ActiveCfg = Release|Any CPU
		{CEB34D08-6454-4C17-AC0A-43636FA7EF7A}.Release|Any CPU.Build.0 = Release|Any CPU
		{63F625C5-1125-4D1B-81F0-F35699FA4552}.Debug|Any CPU.ActiveCfg = Debug|Any CPU
		{63F625C5-1125-4D1B-81F0-F35699FA4552}.Debug|Any CPU.Build.0 = Debug|Any CPU
		{63F625C5-1125-4D1B-81F0-F35699FA4552}.Release|Any CPU.ActiveCfg = Release|Any CPU
		{63F625C5-1125-4D1B-81F0-F35699FA4552}.Release|Any CPU.Build.0 = Release|Any CPU
		{A644D262-4462-4D3C-A9F8-579F6A5D2679}.Debug|Any CPU.ActiveCfg = Debug|Any CPU
		{A644D262-4462-4D3C-A9F8-579F6A5D2679}.Debug|Any CPU.Build.0 = Debug|Any CPU
		{A644D262-4462-4D3C-A9F8-579F6A5D2679}.Release|Any CPU.ActiveCfg = Release|Any CPU
		{A644D262-4462-4D3C-A9F8-579F6A5D2679}.Release|Any CPU.Build.0 = Release|Any CPU
		{78444E41-4B7A-4D28-956D-A38BD0FA7B51}.Debug|Any CPU.ActiveCfg = Debug|Any CPU
		{78444E41-4B7A-4D28-956D-A38BD0FA7B51}.Debug|Any CPU.Build.0 = Debug|Any CPU
		{78444E41-4B7A-4D28-956D-A38BD0FA7B51}.Release|Any CPU.ActiveCfg = Release|Any CPU
		{78444E41-4B7A-4D28-956D-A38BD0FA7B51}.Release|Any CPU.Build.0 = Release|Any CPU
		{E395A5F2-4FA5-4B54-84EF-3899F04679DF}.Debug|Any CPU.ActiveCfg = Debug|Any CPU
		{E395A5F2-4FA5-4B54-84EF-3899F04679DF}.Debug|Any CPU.Build.0 = Debug|Any CPU
		{E395A5F2-4FA5-4B54-84EF-3899F04679DF}.Release|Any CPU.ActiveCfg = Release|Any CPU
		{E395A5F2-4FA5-4B54-84EF-3899F04679DF}.Release|Any CPU.Build.0 = Release|Any CPU
		{4D791E2E-09B3-45FD-A259-5A055AA3344A}.Debug|Any CPU.ActiveCfg = Debug|Any CPU
		{4D791E2E-09B3-45FD-A259-5A055AA3344A}.Debug|Any CPU.Build.0 = Debug|Any CPU
		{4D791E2E-09B3-45FD-A259-5A055AA3344A}.Release|Any CPU.ActiveCfg = Release|Any CPU
		{4D791E2E-09B3-45FD-A259-5A055AA3344A}.Release|Any CPU.Build.0 = Release|Any CPU
		{C021380A-AE3E-4495-AE1A-223C982E577D}.Debug|Any CPU.ActiveCfg = Debug|Any CPU
		{C021380A-AE3E-4495-AE1A-223C982E577D}.Debug|Any CPU.Build.0 = Debug|Any CPU
		{C021380A-AE3E-4495-AE1A-223C982E577D}.Release|Any CPU.ActiveCfg = Release|Any CPU
		{C021380A-AE3E-4495-AE1A-223C982E577D}.Release|Any CPU.Build.0 = Release|Any CPU
		{2B7CE000-0598-4FFD-9B15-C01890EA3763}.Debug|Any CPU.ActiveCfg = Debug|Any CPU
		{2B7CE000-0598-4FFD-9B15-C01890EA3763}.Debug|Any CPU.Build.0 = Debug|Any CPU
		{2B7CE000-0598-4FFD-9B15-C01890EA3763}.Release|Any CPU.ActiveCfg = Release|Any CPU
		{2B7CE000-0598-4FFD-9B15-C01890EA3763}.Release|Any CPU.Build.0 = Release|Any CPU
		{3EBF5E05-03BB-4512-B6DB-31995A578169}.Debug|Any CPU.ActiveCfg = Debug|Any CPU
		{3EBF5E05-03BB-4512-B6DB-31995A578169}.Debug|Any CPU.Build.0 = Debug|Any CPU
		{3EBF5E05-03BB-4512-B6DB-31995A578169}.Release|Any CPU.ActiveCfg = Release|Any CPU
		{3EBF5E05-03BB-4512-B6DB-31995A578169}.Release|Any CPU.Build.0 = Release|Any CPU
		{40E76136-2E83-4562-BB67-CB127B6428D0}.Debug|Any CPU.ActiveCfg = Debug|Any CPU
		{40E76136-2E83-4562-BB67-CB127B6428D0}.Debug|Any CPU.Build.0 = Debug|Any CPU
		{40E76136-2E83-4562-BB67-CB127B6428D0}.Release|Any CPU.ActiveCfg = Release|Any CPU
		{40E76136-2E83-4562-BB67-CB127B6428D0}.Release|Any CPU.Build.0 = Release|Any CPU
		{BF1426E0-1D30-4B40-B43D-29E134074C26}.Debug|Any CPU.ActiveCfg = Debug|Any CPU
		{BF1426E0-1D30-4B40-B43D-29E134074C26}.Debug|Any CPU.Build.0 = Debug|Any CPU
		{BF1426E0-1D30-4B40-B43D-29E134074C26}.Release|Any CPU.ActiveCfg = Release|Any CPU
		{BF1426E0-1D30-4B40-B43D-29E134074C26}.Release|Any CPU.Build.0 = Release|Any CPU
		{F6FB8B37-4326-4E12-9665-77D2B299EC72}.Debug|Any CPU.ActiveCfg = Debug|Any CPU
		{F6FB8B37-4326-4E12-9665-77D2B299EC72}.Debug|Any CPU.Build.0 = Debug|Any CPU
		{F6FB8B37-4326-4E12-9665-77D2B299EC72}.Release|Any CPU.ActiveCfg = Release|Any CPU
		{F6FB8B37-4326-4E12-9665-77D2B299EC72}.Release|Any CPU.Build.0 = Release|Any CPU
	EndGlobalSection
	GlobalSection(SolutionProperties) = preSolution
		HideSolutionNode = FALSE
	EndGlobalSection
	GlobalSection(NestedProjects) = preSolution
		{16436688-83E7-40A2-8662-AE8E43E6A64D} = {97B7C7B1-3F24-4268-9349-D3867B7141ED}
		{2EA3FBDB-33B8-430A-87F9-49A579D3B786} = {52D35CE5-DE7C-4147-8BA5-2BC3E8240F1D}
		{B77AA515-BAD2-4D17-82CD-7000C5571AA2} = {4FCC503B-F30B-4798-9BD2-2C4FBD64C2AA}
		{61BCDEFA-265F-4B33-A5E8-A22788530C88} = {4D286D75-CF86-401F-AA43-74B32F5D9FDC}
		{D5E1F39B-75B8-422C-ADA8-94F3E3230388} = {BAFF63F2-F02E-4B7E-85E5-CE271DB432D1}
		{D787DD4F-5E04-4F9E-834C-66668B695BBC} = {D234A1DB-3F60-4938-ACEA-38415E6890B6}
		{CB0C228C-32F0-42A2-B8F0-5D0AA7F3E13E} = {2489F7CE-B977-43E2-A1FD-DB7A71E8A9AE}
		{15983867-1C67-4CD3-B16E-FC3A98328A7D} = {2489F7CE-B977-43E2-A1FD-DB7A71E8A9AE}
		{FAD76D4A-0D0D-42DA-8366-84A219949596} = {B46559E4-DF83-489C-B933-7668392487A4}
		{A6AA2C97-2AC1-4776-939A-4399EF298562} = {B46559E4-DF83-489C-B933-7668392487A4}
		{037AC850-2F49-4935-8F64-5CAF45D06BF9} = {2558C80B-CC02-4260-AD52-6300FF201700}
		{B4D175D5-E713-4A1E-88CB-4C8DBEB117E9} = {2558C80B-CC02-4260-AD52-6300FF201700}
		{BB50134D-E5A6-414E-BFB4-4BD28609AC52} = {28BC7307-8B02-4F48-8CCF-5A2BCB9A8FF0}
		{6732B621-6802-4461-BB81-42D524B5BDDA} = {28BC7307-8B02-4F48-8CCF-5A2BCB9A8FF0}
		{F7A130A1-2CC5-4C8D-A42E-D74B05506991} = {046F8A35-A0F4-4F14-A0BD-DE6368FC0ED9}
		{32A2A422-BD17-48AD-A352-DA27EFABB536} = {046F8A35-A0F4-4F14-A0BD-DE6368FC0ED9}
		{8DC23D33-3C96-4D3F-B3DC-43EADCA5D157} = {3B743A3B-C7BA-48F6-8B4D-12CB21E088ED}
		{FFA8F3F3-793A-4417-BEE5-7285D9A30DBC} = {1CC42813-B52C-4639-8000-47D9C203F096}
		{AEC7DBA0-1E64-4107-AEFB-6A1B9458DD41} = {455627D1-D920-41D8-943B-E1E4C294B429}
		{9C799D95-F56B-4DE2-A214-7ADCCD514949} = {CE36A566-6AC0-4791-82EC-5052B4C92FF7}
		{80036F64-9AE7-457C-A0CE-6EA68EC17773} = {E1123E46-A538-4FC7-9B10-59B04DF03BEF}
		{44226769-83C9-46E4-9866-DC269150C1BB} = {E1123E46-A538-4FC7-9B10-59B04DF03BEF}
		{8AD9646A-EE8F-49EA-B56F-9CF478193AA2} = {E1123E46-A538-4FC7-9B10-59B04DF03BEF}
		{7BACDFA2-D7AE-4D81-98AC-C5136B8E54DB} = {9CEF557F-A4DA-4E67-886B-32881615D245}
		{6797E022-D1BF-4AE8-BE51-21349DFF9883} = {9CEF557F-A4DA-4E67-886B-32881615D245}
		{76D12D2C-59A4-4091-9E46-5EDE8A5E2D34} = {9CEF557F-A4DA-4E67-886B-32881615D245}
		{F65E4B6B-BD89-427A-8EB5-896053DCDD1F} = {E3AE67F1-9027-4A06-A707-8DE639D046A9}
		{824718F4-DC81-4F79-8489-F4D3C9DCB558} = {E3AE67F1-9027-4A06-A707-8DE639D046A9}
		{2EF6AC44-AE71-41BA-9D65-4ABE77E1E5EF} = {E3AE67F1-9027-4A06-A707-8DE639D046A9}
		{D7AC3662-0B9D-4CBD-8D8A-A31D4EB49E0B} = {E3AE67F1-9027-4A06-A707-8DE639D046A9}
		{911EF69E-7BEF-417B-90D6-AF58CCED1053} = {8A110B4E-3301-42FD-9A3A-8CCD5A2DFE0F}
		{5B238D9A-5B62-4E02-9D32-121DE62F5A71} = {8A110B4E-3301-42FD-9A3A-8CCD5A2DFE0F}
		{C6F5D133-B5BA-42FC-82E7-5C7940EDF6AA} = {8A110B4E-3301-42FD-9A3A-8CCD5A2DFE0F}
		{F9B6155D-10D7-45C5-AEAB-C866673131E3} = {8A110B4E-3301-42FD-9A3A-8CCD5A2DFE0F}
		{BD03249E-7BC0-498B-AB47-DFBFC8B19C31} = {2033C725-F642-4150-8F5D-35C8583CB4E0}
		{58EFE6AB-242E-4146-A9D9-AF0AC589B080} = {2033C725-F642-4150-8F5D-35C8583CB4E0}
		{14BFFACC-DC33-44B5-9B14-B0D78632BD52} = {81F34E3C-EEA2-439D-B7DE-5485E32F9CBE}
		{ABB2ED40-4B7D-47EE-B9EE-DFC6B1FC1E7F} = {81F34E3C-EEA2-439D-B7DE-5485E32F9CBE}
		{E614F27D-2F4C-43A7-AE9C-B830F5E3C8E9} = {10DEF5AD-24B3-4FBE-9E90-CABA2AB4E7CD}
		{81CBDC73-7A33-4D75-A7C4-9689B01B1720} = {10DEF5AD-24B3-4FBE-9E90-CABA2AB4E7CD}
		{506414E0-1351-4BF8-BCE9-983576ED0E72} = {96663678-9FA5-4A47-8496-2668C65BAEAA}
		{CEB34D08-6454-4C17-AC0A-43636FA7EF7A} = {96663678-9FA5-4A47-8496-2668C65BAEAA}
		{63F625C5-1125-4D1B-81F0-F35699FA4552} = {55A55EFE-A4EE-4591-AC21-DBC4D12D5A08}
		{A644D262-4462-4D3C-A9F8-579F6A5D2679} = {55A55EFE-A4EE-4591-AC21-DBC4D12D5A08}
		{78444E41-4B7A-4D28-956D-A38BD0FA7B51} = {AF18EDF6-39C8-452F-B81D-B07CD65AD17A}
		{E395A5F2-4FA5-4B54-84EF-3899F04679DF} = {AF18EDF6-39C8-452F-B81D-B07CD65AD17A}
		{4D791E2E-09B3-45FD-A259-5A055AA3344A} = {D87F90AA-9D02-4CED-8C97-EBAE076889E0}
		{C021380A-AE3E-4495-AE1A-223C982E577D} = {D87F90AA-9D02-4CED-8C97-EBAE076889E0}
		{2B7CE000-0598-4FFD-9B15-C01890EA3763} = {CCEA5110-2F91-4468-9585-7438768924DC}
		{3EBF5E05-03BB-4512-B6DB-31995A578169} = {CCEA5110-2F91-4468-9585-7438768924DC}
		{40E76136-2E83-4562-BB67-CB127B6428D0} = {DAAD6831-29DD-41BC-A84B-90821D34C1DD}
		{BF1426E0-1D30-4B40-B43D-29E134074C26} = {DAAD6831-29DD-41BC-A84B-90821D34C1DD}
		{F6FB8B37-4326-4E12-9665-77D2B299EC72} = {64E6ED54-B27A-4437-AE69-9C2342D9543D}
	EndGlobalSection
	GlobalSection(ExtensibilityGlobals) = postSolution
		SolutionGuid = {8E9EF679-354A-486B-8383-2AD4D2D972AB}
	EndGlobalSection
EndGlobal
