
Microsoft Visual Studio Solution File, Format Version 12.00
# Visual Studio Version 17
VisualStudioVersion = 17.3.32519.111
MinimumVisualStudioVersion = 10.0.40219.1
Project("{FAE04EC0-301F-11D3-BF4B-00C04F79EFBC}") = "UsingCustomWindow", "UsingCustomWindow\UsingCustomWindow.csproj", "{57544002-DA39-4146-813A-3AE78B92ABCC}"
EndProject
Global
	GlobalSection(SolutionConfigurationPlatforms) = preSolution
		Debug|Any CPU = Debug|Any CPU
		Release|Any CPU = Release|Any CPU
	EndGlobalSection
	GlobalSection(ProjectConfigurationPlatforms) = postSolution
		{57544002-DA39-4146-813A-3AE78B92ABCC}.Debug|Any CPU.ActiveCfg = Debug|Any CPU
		{57544002-DA39-4146-813A-3AE78B92ABCC}.Debug|Any CPU.Build.0 = Debug|Any CPU
		{57544002-DA39-4146-813A-3AE78B92ABCC}.Release|Any CPU.ActiveCfg = Release|Any CPU
		{57544002-DA39-4146-813A-3AE78B92ABCC}.Release|Any CPU.Build.0 = Release|Any CPU
	EndGlobalSection
	GlobalSection(SolutionProperties) = preSolution
		HideSolutionNode = FALSE
	EndGlobalSection
	GlobalSection(ExtensibilityGlobals) = postSolution
		SolutionGuid = {54CBC56A-9C78-4767-96F5-474A5BAF1A26}
	EndGlobalSection
EndGlobal
