
Microsoft Visual Studio Solution File, Format Version 12.00
# Visual Studio 15
VisualStudioVersion = 15.0.28010.2048
MinimumVisualStudioVersion = 10.0.40219.1
Project("{9A19103F-16F7-4668-BE54-9A1E7A4F7556}") = "BootstrapperShell", "BootstrapperShell\BootstrapperShell.csproj", "{F971D5DF-CE41-4CF8-96AD-091CAC6CAF04}"
EndProject
Global
	GlobalSection(SolutionConfigurationPlatforms) = preSolution
		Debug|Any CPU = Debug|Any CPU
		Release|Any CPU = Release|Any CPU
	EndGlobalSection
	GlobalSection(ProjectConfigurationPlatforms) = postSolution
		{F971D5DF-CE41-4CF8-96AD-091CAC6CAF04}.Debug|Any CPU.ActiveCfg = Debug|Any CPU
		{F971D5DF-CE41-4CF8-96AD-091CAC6CAF04}.Debug|Any CPU.Build.0 = Debug|Any CPU
		{F971D5DF-CE41-4CF8-96AD-091CAC6CAF04}.Release|Any CPU.ActiveCfg = Release|Any CPU
		{F971D5DF-CE41-4CF8-96AD-091CAC6CAF04}.Release|Any CPU.Build.0 = Release|Any CPU
	EndGlobalSection
	GlobalSection(SolutionProperties) = preSolution
		HideSolutionNode = FALSE
	EndGlobalSection
	GlobalSection(ExtensibilityGlobals) = postSolution
		SolutionGuid = {1D4AEDD0-D910-465D-814C-599BFD45F002}
	EndGlobalSection
EndGlobal
