
Microsoft Visual Studio Solution File, Format Version 12.00
# Visual Studio 14
VisualStudioVersion = 14.0.24720.0
MinimumVisualStudioVersion = 10.0.40219.1
Project("{FAE04EC0-301F-11D3-BF4B-00C04F79EFBC}") = "State-Based Navigation.Desktop", "State-Based Navigation.Desktop\State-Based Navigation.Desktop.csproj", "{C1F7CFC0-F552-439E-928D-EC361897BD03}"
EndProject
Project("{2150E333-8FDC-42A3-9474-1A3956D46DE8}") = ".nuget", ".nuget", "{6549A5D4-C1B5-400B-8B35-AB380DC16188}"
	ProjectSection(SolutionItems) = preProject
		.nuget\NuGet.Config = .nuget\NuGet.Config
		.nuget\NuGet.targets = .nuget\NuGet.targets
	EndProjectSection
EndProject
Project("{2150E333-8FDC-42A3-9474-1A3956D46DE8}") = "AcceptanceTests", "AcceptanceTests", "{3730C75F-3CDA-441E-B679-F99020FB0E5D}"
EndProject
Project("{FAE04EC0-301F-11D3-BF4B-00C04F79EFBC}") = "State-Based Navigation.Tests.AcceptanceTest", "AcceptanceTests\State-Based Navigation.Tests.AcceptanceTest.csproj", "{CCB4AF52-7735-4A89-BDD1-BCAFAD5B0F65}"
EndProject
Project("{FAE04EC0-301F-11D3-BF4B-00C04F79EFBC}") = "AcceptanceTestLibrary", "..\AcceptanceTestLibrary\AcceptanceTestLibrary\AcceptanceTestLibrary.csproj", "{5A2F8F44-4D68-4010-84D8-8019C9B5C5E5}"
EndProject
Global
	GlobalSection(SolutionConfigurationPlatforms) = preSolution
		Debug|Any CPU = Debug|Any CPU
		Release|Any CPU = Release|Any CPU
	EndGlobalSection
	GlobalSection(ProjectConfigurationPlatforms) = postSolution
		{C1F7CFC0-F552-439E-928D-EC361897BD03}.Debug|Any CPU.ActiveCfg = Debug|Any CPU
		{C1F7CFC0-F552-439E-928D-EC361897BD03}.Debug|Any CPU.Build.0 = Debug|Any CPU
		{C1F7CFC0-F552-439E-928D-EC361897BD03}.Release|Any CPU.ActiveCfg = Release|Any CPU
		{C1F7CFC0-F552-439E-928D-EC361897BD03}.Release|Any CPU.Build.0 = Release|Any CPU
		{CCB4AF52-7735-4A89-BDD1-BCAFAD5B0F65}.Debug|Any CPU.ActiveCfg = Debug|Any CPU
		{CCB4AF52-7735-4A89-BDD1-BCAFAD5B0F65}.Debug|Any CPU.Build.0 = Debug|Any CPU
		{CCB4AF52-7735-4A89-BDD1-BCAFAD5B0F65}.Release|Any CPU.ActiveCfg = Release|Any CPU
		{CCB4AF52-7735-4A89-BDD1-BCAFAD5B0F65}.Release|Any CPU.Build.0 = Release|Any CPU
		{5A2F8F44-4D68-4010-84D8-8019C9B5C5E5}.Debug|Any CPU.ActiveCfg = Debug|Any CPU
		{5A2F8F44-4D68-4010-84D8-8019C9B5C5E5}.Debug|Any CPU.Build.0 = Debug|Any CPU
		{5A2F8F44-4D68-4010-84D8-8019C9B5C5E5}.Release|Any CPU.ActiveCfg = Release|Any CPU
		{5A2F8F44-4D68-4010-84D8-8019C9B5C5E5}.Release|Any CPU.Build.0 = Release|Any CPU
	EndGlobalSection
	GlobalSection(SolutionProperties) = preSolution
		HideSolutionNode = FALSE
	EndGlobalSection
	GlobalSection(NestedProjects) = preSolution
		{CCB4AF52-7735-4A89-BDD1-BCAFAD5B0F65} = {3730C75F-3CDA-441E-B679-F99020FB0E5D}
		{5A2F8F44-4D68-4010-84D8-8019C9B5C5E5} = {3730C75F-3CDA-441E-B679-F99020FB0E5D}
	EndGlobalSection
EndGlobal
