
Microsoft Visual Studio Solution File, Format Version 12.00
# Visual Studio 14
VisualStudioVersion = 14.0.24720.0
MinimumVisualStudioVersion = 10.0.40219.1
Project("{FAE04EC0-301F-11D3-BF4B-00C04F79EFBC}") = "UIComposition.Shell", "UIComposition_Desktop\UIComposition.Shell.csproj", "{F3EE9243-F8F6-4821-BF10-D739C7A6A11E}"
EndProject
Project("{2150E333-8FDC-42A3-9474-1A3956D46DE8}") = ".nuget", ".nuget", "{6D1DC5AB-1A04-4649-9355-BE7B44772055}"
	ProjectSection(SolutionItems) = preProject
		.nuget\NuGet.Config = .nuget\NuGet.Config
		.nuget\NuGet.targets = .nuget\NuGet.targets
	EndProjectSection
EndProject
Project("{FAE04EC0-301F-11D3-BF4B-00C04F79EFBC}") = "UIComposition.EmployeeModule", "UIComposition.EmployeeModule\UIComposition.EmployeeModule.csproj", "{7208928D-FDD9-468C-A782-CD2CF23BE09B}"
EndProject
Project("{2150E333-8FDC-42A3-9474-1A3956D46DE8}") = "AcceptanceTests", "AcceptanceTests", "{E630F74A-66FA-4F68-A70F-D9A3D3DAF9F6}"
EndProject
Project("{FAE04EC0-301F-11D3-BF4B-00C04F79EFBC}") = "AcceptanceTestLibrary", "..\AcceptanceTestLibrary\AcceptanceTestLibrary\AcceptanceTestLibrary.csproj", "{5A2F8F44-4D68-4010-84D8-8019C9B5C5E5}"
EndProject
Project("{FAE04EC0-301F-11D3-BF4B-00C04F79EFBC}") = "UIComposition.Tests.AcceptanceTest", "AcceptanceTests\UIComposition.Tests.AcceptanceTest\UIComposition.Tests.AcceptanceTest.csproj", "{4D189617-0EE9-4C3B-BFB8-A11934D84973}"
EndProject
Global
	GlobalSection(SolutionConfigurationPlatforms) = preSolution
		Debug|Any CPU = Debug|Any CPU
		Release|Any CPU = Release|Any CPU
	EndGlobalSection
	GlobalSection(ProjectConfigurationPlatforms) = postSolution
		{F3EE9243-F8F6-4821-BF10-D739C7A6A11E}.Debug|Any CPU.ActiveCfg = Debug|Any CPU
		{F3EE9243-F8F6-4821-BF10-D739C7A6A11E}.Debug|Any CPU.Build.0 = Debug|Any CPU
		{F3EE9243-F8F6-4821-BF10-D739C7A6A11E}.Release|Any CPU.ActiveCfg = Release|Any CPU
		{F3EE9243-F8F6-4821-BF10-D739C7A6A11E}.Release|Any CPU.Build.0 = Release|Any CPU
		{7208928D-FDD9-468C-A782-CD2CF23BE09B}.Debug|Any CPU.ActiveCfg = Debug|Any CPU
		{7208928D-FDD9-468C-A782-CD2CF23BE09B}.Debug|Any CPU.Build.0 = Debug|Any CPU
		{7208928D-FDD9-468C-A782-CD2CF23BE09B}.Release|Any CPU.ActiveCfg = Release|Any CPU
		{7208928D-FDD9-468C-A782-CD2CF23BE09B}.Release|Any CPU.Build.0 = Release|Any CPU
		{5A2F8F44-4D68-4010-84D8-8019C9B5C5E5}.Debug|Any CPU.ActiveCfg = Debug|Any CPU
		{5A2F8F44-4D68-4010-84D8-8019C9B5C5E5}.Debug|Any CPU.Build.0 = Debug|Any CPU
		{5A2F8F44-4D68-4010-84D8-8019C9B5C5E5}.Release|Any CPU.ActiveCfg = Release|Any CPU
		{5A2F8F44-4D68-4010-84D8-8019C9B5C5E5}.Release|Any CPU.Build.0 = Release|Any CPU
		{4D189617-0EE9-4C3B-BFB8-A11934D84973}.Debug|Any CPU.ActiveCfg = Debug|Any CPU
		{4D189617-0EE9-4C3B-BFB8-A11934D84973}.Debug|Any CPU.Build.0 = Debug|Any CPU
		{4D189617-0EE9-4C3B-BFB8-A11934D84973}.Release|Any CPU.ActiveCfg = Release|Any CPU
		{4D189617-0EE9-4C3B-BFB8-A11934D84973}.Release|Any CPU.Build.0 = Release|Any CPU
	EndGlobalSection
	GlobalSection(SolutionProperties) = preSolution
		HideSolutionNode = FALSE
	EndGlobalSection
	GlobalSection(NestedProjects) = preSolution
		{5A2F8F44-4D68-4010-84D8-8019C9B5C5E5} = {E630F74A-66FA-4F68-A70F-D9A3D3DAF9F6}
		{4D189617-0EE9-4C3B-BFB8-A11934D84973} = {E630F74A-66FA-4F68-A70F-D9A3D3DAF9F6}
	EndGlobalSection
EndGlobal
