
Microsoft Visual Studio Solution File, Format Version 12.00
# Visual Studio 14
VisualStudioVersion = 14.0.23107.0
MinimumVisualStudioVersion = 10.0.40219.1
Project("{FAE04EC0-301F-11D3-BF4B-00C04F79EFBC}") = "HelloWorld", "HelloWorld\HelloWorld.csproj", "{92A4328E-86C3-4F88-9A87-5F0EC3718E30}"
EndProject
Project("{2150E333-8FDC-42A3-9474-1A3956D46DE8}") = "Modules", "Modules", "{E9CA39B0-9BDE-4605-A452-C801608320B7}"
EndProject
Project("{FAE04EC0-301F-11D3-BF4B-00C04F79EFBC}") = "ModuleA", "Modules\ModuleA\ModuleA.csproj", "{89B11754-9306-49CA-96FA-B00B5DFD1B60}"
EndProject
Global
	GlobalSection(SolutionConfigurationPlatforms) = preSolution
		Debug|Any CPU = Debug|Any CPU
		Release|Any CPU = Release|Any CPU
	EndGlobalSection
	GlobalSection(ProjectConfigurationPlatforms) = postSolution
		{92A4328E-86C3-4F88-9A87-5F0EC3718E30}.Debug|Any CPU.ActiveCfg = Debug|Any CPU
		{92A4328E-86C3-4F88-9A87-5F0EC3718E30}.Debug|Any CPU.Build.0 = Debug|Any CPU
		{92A4328E-86C3-4F88-9A87-5F0EC3718E30}.Release|Any CPU.ActiveCfg = Release|Any CPU
		{92A4328E-86C3-4F88-9A87-5F0EC3718E30}.Release|Any CPU.Build.0 = Release|Any CPU
		{89B11754-9306-49CA-96FA-B00B5DFD1B60}.Debug|Any CPU.ActiveCfg = Debug|Any CPU
		{89B11754-9306-49CA-96FA-B00B5DFD1B60}.Debug|Any CPU.Build.0 = Debug|Any CPU
		{89B11754-9306-49CA-96FA-B00B5DFD1B60}.Release|Any CPU.ActiveCfg = Release|Any CPU
		{89B11754-9306-49CA-96FA-B00B5DFD1B60}.Release|Any CPU.Build.0 = Release|Any CPU
	EndGlobalSection
	GlobalSection(SolutionProperties) = preSolution
		HideSolutionNode = FALSE
	EndGlobalSection
	GlobalSection(NestedProjects) = preSolution
		{89B11754-9306-49CA-96FA-B00B5DFD1B60} = {E9CA39B0-9BDE-4605-A452-C801608320B7}
	EndGlobalSection
EndGlobal
