
Microsoft Visual Studio Solution File, Format Version 12.00
# Visual Studio 14
VisualStudioVersion = 14.0.24720.0
MinimumVisualStudioVersion = 10.0.40219.1
Project("{2150E333-8FDC-42A3-9474-1A3956D46DE8}") = "UnitTests", "UnitTests", "{AFAB2C6B-E38D-42EF-AACD-B5E5A32319D1}"
EndProject
Project("{FAE04EC0-301F-11D3-BF4B-00C04F79EFBC}") = "EventAggregation.Desktop", "Desktop\EventAggregation.Desktop.csproj", "{488DC78A-6FE6-4E0E-908C-26175CD6F058}"
EndProject
Project("{FAE04EC0-301F-11D3-BF4B-00C04F79EFBC}") = "ModuleA.Desktop", "Desktop\ModuleA\ModuleA.Desktop.csproj", "{46B1C8F8-BA08-492F-BE1A-8B321357D13D}"
EndProject
Project("{FAE04EC0-301F-11D3-BF4B-00C04F79EFBC}") = "ModuleB.Desktop", "Desktop\ModuleB\ModuleB.Desktop.csproj", "{7F96848A-641A-4A51-92C8-3C3C6D0D86F9}"
EndProject
Project("{FAE04EC0-301F-11D3-BF4B-00C04F79EFBC}") = "EventAggregation.Infrastructure.Desktop", "Desktop\EventAggregation.Infrastructure\EventAggregation.Infrastructure.Desktop.csproj", "{8F3F1393-6AC3-47FA-8D7B-B01EC4511F4A}"
EndProject
Project("{FAE04EC0-301F-11D3-BF4B-00C04F79EFBC}") = "ModuleA.Tests.Desktop", "Desktop\ModuleA.Tests\ModuleA.Tests.Desktop.csproj", "{30F108DB-9679-43E6-9026-61A03D0CC6ED}"
EndProject
Project("{FAE04EC0-301F-11D3-BF4B-00C04F79EFBC}") = "ModuleB.Tests.Desktop", "Desktop\ModuleB.Tests\ModuleB.Tests.Desktop.csproj", "{792C55C8-7A1E-46B7-9D2E-F6DB052EC0CA}"
EndProject
Project("{2150E333-8FDC-42A3-9474-1A3956D46DE8}") = ".nuget", ".nuget", "{F8762B70-B8B6-4018-815D-F16397C90669}"
	ProjectSection(SolutionItems) = preProject
		.nuget\NuGet.Config = .nuget\NuGet.Config
		.nuget\NuGet.targets = .nuget\NuGet.targets
	EndProjectSection
EndProject
Project("{2150E333-8FDC-42A3-9474-1A3956D46DE8}") = "AcceptanceTests", "AcceptanceTests", "{DED84BFD-2006-426A-B33E-D649E379AFCF}"
EndProject
Project("{FAE04EC0-301F-11D3-BF4B-00C04F79EFBC}") = "AcceptanceTestLibrary", "..\AcceptanceTestLibrary\AcceptanceTestLibrary\AcceptanceTestLibrary.csproj", "{5A2F8F44-4D68-4010-84D8-8019C9B5C5E5}"
EndProject
Project("{FAE04EC0-301F-11D3-BF4B-00C04F79EFBC}") = "EventAggregation.Tests.AcceptanceTest", "AcceptanceTests\EventAggregation.Tests.AcceptanceTest.csproj", "{794B59C6-465B-483D-88DA-F7DEA035AF2A}"
EndProject
Global
	GlobalSection(SolutionConfigurationPlatforms) = preSolution
		Debug|Any CPU = Debug|Any CPU
		Release|Any CPU = Release|Any CPU
	EndGlobalSection
	GlobalSection(ProjectConfigurationPlatforms) = postSolution
		{488DC78A-6FE6-4E0E-908C-26175CD6F058}.Debug|Any CPU.ActiveCfg = Debug|Any CPU
		{488DC78A-6FE6-4E0E-908C-26175CD6F058}.Debug|Any CPU.Build.0 = Debug|Any CPU
		{488DC78A-6FE6-4E0E-908C-26175CD6F058}.Release|Any CPU.ActiveCfg = Release|Any CPU
		{488DC78A-6FE6-4E0E-908C-26175CD6F058}.Release|Any CPU.Build.0 = Release|Any CPU
		{46B1C8F8-BA08-492F-BE1A-8B321357D13D}.Debug|Any CPU.ActiveCfg = Debug|Any CPU
		{46B1C8F8-BA08-492F-BE1A-8B321357D13D}.Debug|Any CPU.Build.0 = Debug|Any CPU
		{46B1C8F8-BA08-492F-BE1A-8B321357D13D}.Release|Any CPU.ActiveCfg = Release|Any CPU
		{46B1C8F8-BA08-492F-BE1A-8B321357D13D}.Release|Any CPU.Build.0 = Release|Any CPU
		{7F96848A-641A-4A51-92C8-3C3C6D0D86F9}.Debug|Any CPU.ActiveCfg = Debug|Any CPU
		{7F96848A-641A-4A51-92C8-3C3C6D0D86F9}.Debug|Any CPU.Build.0 = Debug|Any CPU
		{7F96848A-641A-4A51-92C8-3C3C6D0D86F9}.Release|Any CPU.ActiveCfg = Release|Any CPU
		{7F96848A-641A-4A51-92C8-3C3C6D0D86F9}.Release|Any CPU.Build.0 = Release|Any CPU
		{8F3F1393-6AC3-47FA-8D7B-B01EC4511F4A}.Debug|Any CPU.ActiveCfg = Debug|Any CPU
		{8F3F1393-6AC3-47FA-8D7B-B01EC4511F4A}.Debug|Any CPU.Build.0 = Debug|Any CPU
		{8F3F1393-6AC3-47FA-8D7B-B01EC4511F4A}.Release|Any CPU.ActiveCfg = Release|Any CPU
		{8F3F1393-6AC3-47FA-8D7B-B01EC4511F4A}.Release|Any CPU.Build.0 = Release|Any CPU
		{30F108DB-9679-43E6-9026-61A03D0CC6ED}.Debug|Any CPU.ActiveCfg = Debug|Any CPU
		{30F108DB-9679-43E6-9026-61A03D0CC6ED}.Debug|Any CPU.Build.0 = Debug|Any CPU
		{30F108DB-9679-43E6-9026-61A03D0CC6ED}.Release|Any CPU.ActiveCfg = Release|Any CPU
		{30F108DB-9679-43E6-9026-61A03D0CC6ED}.Release|Any CPU.Build.0 = Release|Any CPU
		{792C55C8-7A1E-46B7-9D2E-F6DB052EC0CA}.Debug|Any CPU.ActiveCfg = Debug|Any CPU
		{792C55C8-7A1E-46B7-9D2E-F6DB052EC0CA}.Debug|Any CPU.Build.0 = Debug|Any CPU
		{792C55C8-7A1E-46B7-9D2E-F6DB052EC0CA}.Release|Any CPU.ActiveCfg = Release|Any CPU
		{792C55C8-7A1E-46B7-9D2E-F6DB052EC0CA}.Release|Any CPU.Build.0 = Release|Any CPU
		{5A2F8F44-4D68-4010-84D8-8019C9B5C5E5}.Debug|Any CPU.ActiveCfg = Debug|Any CPU
		{5A2F8F44-4D68-4010-84D8-8019C9B5C5E5}.Debug|Any CPU.Build.0 = Debug|Any CPU
		{5A2F8F44-4D68-4010-84D8-8019C9B5C5E5}.Release|Any CPU.ActiveCfg = Release|Any CPU
		{5A2F8F44-4D68-4010-84D8-8019C9B5C5E5}.Release|Any CPU.Build.0 = Release|Any CPU
		{794B59C6-465B-483D-88DA-F7DEA035AF2A}.Debug|Any CPU.ActiveCfg = Debug|Any CPU
		{794B59C6-465B-483D-88DA-F7DEA035AF2A}.Debug|Any CPU.Build.0 = Debug|Any CPU
		{794B59C6-465B-483D-88DA-F7DEA035AF2A}.Release|Any CPU.ActiveCfg = Release|Any CPU
		{794B59C6-465B-483D-88DA-F7DEA035AF2A}.Release|Any CPU.Build.0 = Release|Any CPU
	EndGlobalSection
	GlobalSection(SolutionProperties) = preSolution
		HideSolutionNode = FALSE
	EndGlobalSection
	GlobalSection(NestedProjects) = preSolution
		{30F108DB-9679-43E6-9026-61A03D0CC6ED} = {AFAB2C6B-E38D-42EF-AACD-B5E5A32319D1}
		{792C55C8-7A1E-46B7-9D2E-F6DB052EC0CA} = {AFAB2C6B-E38D-42EF-AACD-B5E5A32319D1}
		{5A2F8F44-4D68-4010-84D8-8019C9B5C5E5} = {DED84BFD-2006-426A-B33E-D649E379AFCF}
		{794B59C6-465B-483D-88DA-F7DEA035AF2A} = {DED84BFD-2006-426A-B33E-D649E379AFCF}
	EndGlobalSection
EndGlobal
